
Microsoft Visual Studio Solution File, Format Version 12.00
# Visual Studio Version 17
VisualStudioVersion = 17.10.35013.160
MinimumVisualStudioVersion = 10.0.40219.1
Project("{FAE04EC0-301F-11D3-BF4B-00C04F79EFBC}") = "PortfolioASP", "PortfolioASP\PortfolioASP.csproj", "{562A60CE-4C64-4343-83E8-41C49DD00392}"
EndProject
Global
	GlobalSection(SolutionConfigurationPlatforms) = preSolution
		Debug|Any CPU = Debug|Any CPU
		Release|Any CPU = Release|Any CPU
	EndGlobalSection
	GlobalSection(ProjectConfigurationPlatforms) = postSolution
		{562A60CE-4C64-4343-83E8-41C49DD00392}.Debug|Any CPU.ActiveCfg = Debug|Any CPU
		{562A60CE-4C64-4343-83E8-41C49DD00392}.Debug|Any CPU.Build.0 = Debug|Any CPU
		{562A60CE-4C64-4343-83E8-41C49DD00392}.Release|Any CPU.ActiveCfg = Release|Any CPU
		{562A60CE-4C64-4343-83E8-41C49DD00392}.Release|Any CPU.Build.0 = Release|Any CPU
	EndGlobalSection
	GlobalSection(SolutionProperties) = preSolution
		HideSolutionNode = FALSE
	EndGlobalSection
	GlobalSection(ExtensibilityGlobals) = postSolution
		SolutionGuid = {0B825098-DFD5-4777-B8DC-D0927F4E0BF3}
	EndGlobalSection
EndGlobal
